
Microsoft Visual Studio Solution File, Format Version 12.00
# Visual Studio Version 16
VisualStudioVersion = 16.0.29424.173
MinimumVisualStudioVersion = 10.0.40219.1
Project("{9A19103F-16F7-4668-BE54-9A1E7A4F7556}") = "NetsEncrypt.ACMEClient", "NetsEncrypt.ACMEClient\NetsEncrypt.ACMEClient.csproj", "{29E023A9-B01A-48E9-A769-F026320D6AF7}"
EndProject
Project("{9A19103F-16F7-4668-BE54-9A1E7A4F7556}") = "NetsEncrypt.WindowsDnsUpdater", "NetsEncrypt.WindowsDnsUpdater\NetsEncrypt.WindowsDnsUpdater.csproj", "{B7B47F57-94E7-4415-AEFE-C89F5C8EC9F2}"
EndProject
Project("{9A19103F-16F7-4668-BE54-9A1E7A4F7556}") = "NetsEncrypt.App", "NetsEncrypt.App\NetsEncrypt.App.csproj", "{27EE6317-1CB5-43B9-91E9-B91DE7672AF5}"
EndProject
Project("{2150E333-8FDC-42A3-9474-1A3956D46DE8}") = "Library", "Library", "{E40200C9-C70E-4C29-B25C-4461BE474C8C}"
EndProject
Project("{FAE04EC0-301F-11D3-BF4B-00C04F79EFBC}") = "NetsEncrypt.Common", "NetsEncrypt.Common\NetsEncrypt.Common.csproj", "{EFBA47B7-B903-4B97-8AC4-C539B125EADE}"
EndProject
Global
	GlobalSection(SolutionConfigurationPlatforms) = preSolution
		Debug|Any CPU = Debug|Any CPU
		Release|Any CPU = Release|Any CPU
	EndGlobalSection
	GlobalSection(ProjectConfigurationPlatforms) = postSolution
		{29E023A9-B01A-48E9-A769-F026320D6AF7}.Debug|Any CPU.ActiveCfg = Debug|Any CPU
		{29E023A9-B01A-48E9-A769-F026320D6AF7}.Debug|Any CPU.Build.0 = Debug|Any CPU
		{29E023A9-B01A-48E9-A769-F026320D6AF7}.Release|Any CPU.ActiveCfg = Release|Any CPU
		{29E023A9-B01A-48E9-A769-F026320D6AF7}.Release|Any CPU.Build.0 = Release|Any CPU
		{B7B47F57-94E7-4415-AEFE-C89F5C8EC9F2}.Debug|Any CPU.ActiveCfg = Debug|Any CPU
		{B7B47F57-94E7-4415-AEFE-C89F5C8EC9F2}.Debug|Any CPU.Build.0 = Debug|Any CPU
		{B7B47F57-94E7-4415-AEFE-C89F5C8EC9F2}.Release|Any CPU.ActiveCfg = Release|Any CPU
		{B7B47F57-94E7-4415-AEFE-C89F5C8EC9F2}.Release|Any CPU.Build.0 = Release|Any CPU
		{27EE6317-1CB5-43B9-91E9-B91DE7672AF5}.Debug|Any CPU.ActiveCfg = Debug|Any CPU
		{27EE6317-1CB5-43B9-91E9-B91DE7672AF5}.Debug|Any CPU.Build.0 = Debug|Any CPU
		{27EE6317-1CB5-43B9-91E9-B91DE7672AF5}.Release|Any CPU.ActiveCfg = Release|Any CPU
		{27EE6317-1CB5-43B9-91E9-B91DE7672AF5}.Release|Any CPU.Build.0 = Release|Any CPU
		{EFBA47B7-B903-4B97-8AC4-C539B125EADE}.Debug|Any CPU.ActiveCfg = Debug|Any CPU
		{EFBA47B7-B903-4B97-8AC4-C539B125EADE}.Debug|Any CPU.Build.0 = Debug|Any CPU
		{EFBA47B7-B903-4B97-8AC4-C539B125EADE}.Release|Any CPU.ActiveCfg = Release|Any CPU
		{EFBA47B7-B903-4B97-8AC4-C539B125EADE}.Release|Any CPU.Build.0 = Release|Any CPU
	EndGlobalSection
	GlobalSection(SolutionProperties) = preSolution
		HideSolutionNode = FALSE
	EndGlobalSection
	GlobalSection(NestedProjects) = preSolution
		{29E023A9-B01A-48E9-A769-F026320D6AF7} = {E40200C9-C70E-4C29-B25C-4461BE474C8C}
		{B7B47F57-94E7-4415-AEFE-C89F5C8EC9F2} = {E40200C9-C70E-4C29-B25C-4461BE474C8C}
		{EFBA47B7-B903-4B97-8AC4-C539B125EADE} = {E40200C9-C70E-4C29-B25C-4461BE474C8C}
	EndGlobalSection
	GlobalSection(ExtensibilityGlobals) = postSolution
		SolutionGuid = {FC8C59EF-E45F-40A0-A40F-5AFB0362F2AA}
	EndGlobalSection
EndGlobal
